dependencies:
- name: postgresql
  repository: https://charts.bitnami.com/bitnami
  version: 10.10.3
- name: redis
  repository: https://charts.bitnami.com/bitnami
  version: 12.7.7
digest: sha256:59ab7970a903ba9da78ee4d39ae4e9784979dcbb8dd8b9234b4cbf81e92c0948
generated: "2021-10-05T12:15:09.3599895+02:00"
