dependencies:
- name: postgresql
  repository: https://charts.bitnami.com/bitnami
  version: 10.10.3
- name: redis
  repository: https://charts.bitnami.com/bitnami
  version: 15.3.2
digest: sha256:262a22bc11cf8e3e1e767b0260c02e6e76c3bf74ebffb2016ea00d35571ab729
generated: "2021-10-05T15:03:26.5676572+02:00"
